// !$*UTF8*$!
{
	archiveVersion = 1;
	classes = {
	};
	objectVersion = 50;
	objects = {

/* Begin PBXBuildFile section */
		A70142F521BA60CF000EDF09 /* AppDelegate.swift in Sources */ = {isa = PBXBuildFile; fileRef = A70142F421BA60CF000EDF09 /* AppDelegate.swift */; };
		A70142F721BA60CF000EDF09 /* ViewController.swift in Sources */ = {isa = PBXBuildFile; fileRef = A70142F621BA60CF000EDF09 /* ViewController.swift */; };
		A70142FA21BA60CF000EDF09 /* Main.storyboard in Resources */ = {isa = PBXBuildFile; fileRef = A70142F821BA60CF000EDF09 /* Main.storyboard */; };
		A70142FC21BA60D0000EDF09 /* Assets.xcassets in Resources */ = {isa = PBXBuildFile; fileRef = A70142FB21BA60D0000EDF09 /* Assets.xcassets */; };
		A70142FF21BA60D0000EDF09 /* LaunchScreen.storyboard in Resources */ = {isa = PBXBuildFile; fileRef = A70142FD21BA60D0000EDF09 /* LaunchScreen.storyboard */; };
		D15A4706D9AD8CB6D69A4DF5 /* libPods-ExampleCocoapods.a in Frameworks */ = {isa = PBXBuildFile; fileRef = 75670B7DE66120E18521098E /* libPods-ExampleCocoapods.a */; };
/* End PBXBuildFile section */

/* Begin PBXFileReference section */
		75670B7DE66120E18521098E /* libPods-ExampleCocoapods.a */ = {isa = PBXFileReference; explicitFileType = archive.ar; includeInIndex = 0; path = "libPods-ExampleCocoapods.a"; sourceTree = BUILT_PRODUCTS_DIR; };
		829A245176F6D300A6F78208 /* Pods-ExampleCocoapods.debug.xcconfig */ = {isa = PBXFileReference; includeInIndex = 1; lastKnownFileType = text.xcconfig; name = "Pods-ExampleCocoapods.debug.xcconfig"; path = "Pods/Target Support Files/Pods-ExampleCocoapods/Pods-ExampleCocoapods.debug.xcconfig"; sourceTree = "<group>"; };
		89B41A67BAB4C10990EDEA0A /* Pods-ExampleCocoapods.release.xcconfig */ = {isa = PBXFileReference; includeInIndex = 1; lastKnownFileType = text.xcconfig; name = "Pods-ExampleCocoapods.release.xcconfig"; path = "Pods/Target Support Files/Pods-ExampleCocoapods/Pods-ExampleCocoapods.release.xcconfig"; sourceTree = "<group>"; };
		A70142F121BA60CF000EDF09 /* ExampleCocoapods.app */ = {isa = PBXFileReference; explicitFileType = wrapper.application; includeInIndex = 0; path = ExampleCocoapods.app; sourceTree = BUILT_PRODUCTS_DIR; };
		A70142F421BA60CF000EDF09 /* AppDelegate.swift */ = {isa = PBXFileReference; lastKnownFileType = sourcecode.swift; path = AppDelegate.swift; sourceTree = "<group>"; };
		A70142F621BA60CF000EDF09 /* ViewController.swift */ = {isa = PBXFileReference; lastKnownFileType = sourcecode.swift; path = ViewController.swift; sourceTree = "<group>"; };
		A70142F921BA60CF000EDF09 /* Base */ = {isa = PBXFileReference; lastKnownFileType = file.storyboard; name = Base; path = Base.lproj/Main.storyboard; sourceTree = "<group>"; };
		A70142FB21BA60D0000EDF09 /* Assets.xcassets */ = {isa = PBXFileReference; lastKnownFileType = folder.assetcatalog; path = Assets.xcassets; sourceTree = "<group>"; };
		A70142FE21BA60D0000EDF09 /* Base */ = {isa = PBXFileReference; lastKnownFileType = file.storyboard; name = Base; path = Base.lproj/LaunchScreen.storyboard; sourceTree = "<group>"; };
		A701430021BA60D0000EDF09 /* Info.plist */ = {isa = PBXFileReference; lastKnownFileType = text.plist.xml; path = Info.plist; sourceTree = "<group>"; };
/* End PBXFileReference section */

/* Begin PBXFrameworksBuildPhase section */
		A70142EE21BA60CF000EDF09 /* Frameworks */ = {
			isa = PBXFrameworksBuildPhase;
			buildActionMask = 2147483647;
			files = (
				D15A4706D9AD8CB6D69A4DF5 /* libPods-ExampleCocoapods.a in Frameworks */,
			);
			runOnlyForDeploymentPostprocessing = 0;
		};
/* End PBXFrameworksBuildPhase section */

/* Begin PBXGroup section */
		839CD83A6386D8769D23AB17 /* Frameworks */ = {
			isa = PBXGroup;
			children = (
				75670B7DE66120E18521098E /* libPods-ExampleCocoapods.a */,
			);
			name = Frameworks;
			sourceTree = "<group>";
		};
		A70142E821BA60CF000EDF09 = {
			isa = PBXGroup;
			children = (
				A70142F321BA60CF000EDF09 /* ExampleCocoapods */,
				A70142F221BA60CF000EDF09 /* Products */,
				FF94B8B6BB5C2F687FFECBF9 /* Pods */,
				839CD83A6386D8769D23AB17 /* Frameworks */,
			);
			sourceTree = "<group>";
		};
		A70142F221BA60CF000EDF09 /* Products */ = {
			isa = PBXGroup;
			children = (
				A70142F121BA60CF000EDF09 /* ExampleCocoapods.app */,
			);
			name = Products;
			sourceTree = "<group>";
		};
		A70142F321BA60CF000EDF09 /* ExampleCocoapods */ = {
			isa = PBXGroup;
			children = (
				A70142F421BA60CF000EDF09 /* AppDelegate.swift */,
				A70142F621BA60CF000EDF09 /* ViewController.swift */,
				A70142F821BA60CF000EDF09 /* Main.storyboard */,
				A70142FB21BA60D0000EDF09 /* Assets.xcassets */,
				A70142FD21BA60D0000EDF09 /* LaunchScreen.storyboard */,
				A701430021BA60D0000EDF09 /* Info.plist */,
			);
			path = ExampleCocoapods;
			sourceTree = "<group>";
		};
		FF94B8B6BB5C2F687FFECBF9 /* Pods */ = {
			isa = PBXGroup;
			children = (
				829A245176F6D300A6F78208 /* Pods-ExampleCocoapods.debug.xcconfig */,
				89B41A67BAB4C10990EDEA0A /* Pods-ExampleCocoapods.release.xcconfig */,
			);
			name = Pods;
			sourceTree = "<group>";
		};
/* End PBXGroup section */

/* Begin PBXNativeTarget section */
		A70142F021BA60CF000EDF09 /* ExampleCocoapods */ = {
			isa = PBXNativeTarget;
			buildConfigurationList = A701430321BA60D0000EDF09 /* Build configuration list for PBXNativeTarget "ExampleCocoapods" */;
			buildPhases = (
				AD7BEF411D831CD250A45451 /* [CP] Check Pods Manifest.lock */,
				A70142ED21BA60CF000EDF09 /* Sources */,
				A70142EE21BA60CF000EDF09 /* Frameworks */,
				A70142EF21BA60CF000EDF09 /* Resources */,
			);
			buildRules = (
			);
			dependencies = (
			);
			name = ExampleCocoapods;
			productName = ExampleCocoapods;
			productReference = A70142F121BA60CF000EDF09 /* ExampleCocoapods.app */;
			productType = "com.apple.product-type.application";
		};
/* End PBXNativeTarget section */

/* Begin PBXProject section */
		A70142E921BA60CF000EDF09 /* Project object */ = {
			isa = PBXProject;
			attributes = {
				LastSwiftUpdateCheck = 1010;
				LastUpgradeCheck = 1010;
				ORGANIZATIONNAME = Gumob;
				TargetAttributes = {
					A70142F021BA60CF000EDF09 = {
						CreatedOnToolsVersion = 10.1;
					};
				};
			};
			buildConfigurationList = A70142EC21BA60CF000EDF09 /* Build configuration list for PBXProject "ExampleCocoapods" */;
			compatibilityVersion = "Xcode 9.3";
			developmentRegion = en;
			hasScannedForEncodings = 0;
			knownRegions = (
				en,
				Base,
			);
			mainGroup = A70142E821BA60CF000EDF09;
			productRefGroup = A70142F221BA60CF000EDF09 /* Products */;
			projectDirPath = "";
			projectRoot = "";
			targets = (
				A70142F021BA60CF000EDF09 /* ExampleCocoapods */,
			);
		};
/* End PBXProject section */

/* Begin PBXResourcesBuildPhase section */
		A70142EF21BA60CF000EDF09 /* Resources */ = {
			isa = PBXResourcesBuildPhase;
			buildActionMask = 2147483647;
			files = (
				A70142FF21BA60D0000EDF09 /* LaunchScreen.storyboard in Resources */,
				A70142FC21BA60D0000EDF09 /* Assets.xcassets in Resources */,
				A70142FA21BA60CF000EDF09 /* Main.storyboard in Resources */,
			);
			runOnlyForDeploymentPostprocessing = 0;
		};
/* End PBXResourcesBuildPhase section */

/* Begin PBXShellScriptBuildPhase section */
		AD7BEF411D831CD250A45451 /* [CP] Check Pods Manifest.lock */ = {
			isa = PBXShellScriptBuildPhase;
			buildActionMask = 2147483647;
			files = (
			);
			inputFileListPaths = (
			);
			inputPaths = (
				"${PODS_PODFILE_DIR_PATH}/Podfile.lock",
				"${PODS_ROOT}/Manifest.lock",
			);
			name = "[CP] Check Pods Manifest.lock";
			outputFileListPaths = (
			);
			outputPaths = (
				"$(DERIVED_FILE_DIR)/Pods-ExampleCocoapods-checkManifestLockResult.txt",
			);
			runOnlyForDeploymentPostprocessing = 0;
			shellPath = /bin/sh;
			shellScript = "diff \"${PODS_PODFILE_DIR_PATH}/Podfile.lock\" \"${PODS_ROOT}/Manifest.lock\" > /dev/null\nif [ $? != 0 ] ; then\n    # print error to STDERR\n    echo \"error: The sandbox is not in sync with the Podfile.lock. Run 'pod install' or update your CocoaPods installation.\" >&2\n    exit 1\nfi\n# This output is used by Xcode 'outputs' to avoid re-running this script phase.\necho \"SUCCESS\" > \"${SCRIPT_OUTPUT_FILE_0}\"\n";
			showEnvVarsInLog = 0;
		};
/* End PBXShellScriptBuildPhase section */

/* Begin PBXSourcesBuildPhase section */
		A70142ED21BA60CF000EDF09 /* Sources */ = {
			isa = PBXSourcesBuildPhase;
			buildActionMask = 2147483647;
			files = (
				A70142F721BA60CF000EDF09 /* ViewController.swift in Sources */,
				A70142F521BA60CF000EDF09 /* AppDelegate.swift in Sources */,
			);
			runOnlyForDeploymentPostprocessing = 0;
		};
/* End PBXSourcesBuildPhase section */

/* Begin PBXVariantGroup section */
		A70142F821BA60CF000EDF09 /* Main.storyboard */ = {
			isa = PBXVariantGroup;
			children = (
				A70142F921BA60CF000EDF09 /* Base */,
			);
			name = Main.storyboard;
			sourceTree = "<group>";
		};
		A70142FD21BA60D0000EDF09 /* LaunchScreen.storyboard */ = {
			isa = PBXVariantGroup;
			children = (
				A70142FE21BA60D0000EDF09 /* Base */,
			);
			name = LaunchScreen.storyboard;
			sourceTree = "<group>";
		};
/* End PBXVariantGroup section */

/* Begin XCBuildConfiguration section */
		A701430121BA60D0000EDF09 /* Debug */ = {
			isa = XCBuildConfiguration;
			buildSettings = {
				ALWAYS_SEARCH_USER_PATHS = NO;
				CLANG_ANALYZER_NONNULL = YES;
				CLANG_ANALYZER_NUMBER_OBJECT_CONVERSION = YES_AGGRESSIVE;
				CLANG_CXX_LANGUAGE_STANDARD = "gnu++14";
				CLANG_CXX_LIBRARY = "libc++";
				CLANG_ENABLE_MODULES = YES;
				CLANG_ENABLE_OBJC_ARC = YES;
				CLANG_ENABLE_OBJC_WEAK = YES;
				CLANG_WARN_BLOCK_CAPTURE_AUTORELEASING = YES;
				CLANG_WARN_BOOL_CONVERSION = YES;
				CLANG_WARN_COMMA = YES;
				CLANG_WARN_CONSTANT_CONVERSION = YES;
				CLANG_WARN_DEPRECATED_OBJC_IMPLEMENTATIONS = YES;
				CLANG_WARN_DIRECT_OBJC_ISA_USAGE = YES_ERROR;
				CLANG_WARN_DOCUMENTATION_COMMENTS = YES;
				CLANG_WARN_EMPTY_BODY = YES;
				CLANG_WARN_ENUM_CONVERSION = YES;
				CLANG_WARN_INFINITE_RECURSION = YES;
				CLANG_WARN_INT_CONVERSION = YES;
				CLANG_WARN_NON_LITERAL_NULL_CONVERSION = YES;
				CLANG_WARN_OBJC_IMPLICIT_RETAIN_SELF = YES;
				CLANG_WARN_OBJC_LITERAL_CONVERSION = YES;
				CLANG_WARN_OBJC_ROOT_CLASS = YES_ERROR;
				CLANG_WARN_RANGE_LOOP_ANALYSIS = YES;
				CLANG_WARN_STRICT_PROTOTYPES = YES;
				CLANG_WARN_SUSPICIOUS_MOVE = YES;
				CLANG_WARN_UNGUARDED_AVAILABILITY = YES_AGGRESSIVE;
				CLANG_WARN_UNREACHABLE_CODE = YES;
				CLANG_WARN__DUPLICATE_METHOD_MATCH = YES;
				CODE_SIGN_IDENTITY = "";
				COPY_PHASE_STRIP = NO;
				DEBUG_INFORMATION_FORMAT = dwarf;
				ENABLE_STRICT_OBJC_MSGSEND = YES;
				ENABLE_TESTABILITY = YES;
				GCC_C_LANGUAGE_STANDARD = gnu11;
				GCC_DYNAMIC_NO_PIC = NO;
				GCC_NO_COMMON_BLOCKS = YES;
				GCC_OPTIMIZATION_LEVEL = 0;
				GCC_PREPROCESSOR_DEFINITIONS = (
					"DEBUG=1",
					"$(inherited)",
				);
				GCC_WARN_64_TO_32_BIT_CONVERSION = YES;
				GCC_WARN_ABOUT_RETURN_TYPE = YES_ERROR;
				GCC_WARN_UNDECLARED_SELECTOR = YES;
				GCC_WARN_UNINITIALIZED_AUTOS = YES_AGGRESSIVE;
				GCC_WARN_UNUSED_FUNCTION = YES;
				GCC_WARN_UNUSED_VARIABLE = YES;
				IPHONEOS_DEPLOYMENT_TARGET = 12.1;
				MTL_ENABLE_DEBUG_INFO = INCLUDE_SOURCE;
				MTL_FAST_MATH = YES;
				ONLY_ACTIVE_ARCH = YES;
				SDKROOT = iphoneos;
				SWIFT_ACTIVE_COMPILATION_CONDITIONS = DEBUG;
				SWIFT_OPTIMIZATION_LEVEL = "-Onone";
			};
			name = Debug;
		};
		A701430221BA60D0000EDF09 /* Release */ = {
			isa = XCBuildConfiguration;
			buildSettings = {
				ALWAYS_SEARCH_USER_PATHS = NO;
				CLANG_ANALYZER_NONNULL = YES;
				CLANG_ANALYZER_NUMBER_OBJECT_CONVERSION = YES_AGGRESSIVE;
				CLANG_CXX_LANGUAGE_STANDARD = "gnu++14";
				CLANG_CXX_LIBRARY = "libc++";
				CLANG_ENABLE_MODULES = YES;
				CLANG_ENABLE_OBJC_ARC = YES;
				CLANG_ENABLE_OBJC_WEAK = YES;
				CLANG_WARN_BLOCK_CAPTURE_AUTORELEASING = YES;
				CLANG_WARN_BOOL_CONVERSION = YES;
				CLANG_WARN_COMMA = YES;
				CLANG_WARN_CONSTANT_CONVERSION = YES;
				CLANG_WARN_DEPRECATED_OBJC_IMPLEMENTATIONS = YES;
				CLANG_WARN_DIRECT_OBJC_ISA_USAGE = YES_ERROR;
				CLANG_WARN_DOCUMENTATION_COMMENTS = YES;
				CLANG_WARN_EMPTY_BODY = YES;
				CLANG_WARN_ENUM_CONVERSION = YES;
				CLANG_WARN_INFINITE_RECURSION = YES;
				CLANG_WARN_INT_CONVERSION = YES;
				CLANG_WARN_NON_LITERAL_NULL_CONVERSION = YES;
				CLANG_WARN_OBJC_IMPLICIT_RETAIN_SELF = YES;
				CLANG_WARN_OBJC_LITERAL_CONVERSION = YES;
				CLANG_WARN_OBJC_ROOT_CLASS = YES_ERROR;
				CLANG_WARN_RANGE_LOOP_ANALYSIS = YES;
				CLANG_WARN_STRICT_PROTOTYPES = YES;
				CLANG_WARN_SUSPICIOUS_MOVE = YES;
				CLANG_WARN_UNGUARDED_AVAILABILITY = YES_AGGRESSIVE;
				CLANG_WARN_UNREACHABLE_CODE = YES;
				CLANG_WARN__DUPLICATE_METHOD_MATCH = YES;
				CODE_SIGN_IDENTITY = "";
				COPY_PHASE_STRIP = NO;
				DEBUG_INFORMATION_FORMAT = "dwarf-with-dsym";
				ENABLE_NS_ASSERTIONS = NO;
				ENABLE_STRICT_OBJC_MSGSEND = YES;
				GCC_C_LANGUAGE_STANDARD = gnu11;
				GCC_NO_COMMON_BLOCKS = YES;
				GCC_WARN_64_TO_32_BIT_CONVERSION = YES;
				GCC_WARN_ABOUT_RETURN_TYPE = YES_ERROR;
				GCC_WARN_UNDECLARED_SELECTOR = YES;
				GCC_WARN_UNINITIALIZED_AUTOS = YES_AGGRESSIVE;
				GCC_WARN_UNUSED_FUNCTION = YES;
				GCC_WARN_UNUSED_VARIABLE = YES;
				IPHONEOS_DEPLOYMENT_TARGET = 12.1;
				MTL_ENABLE_DEBUG_INFO = NO;
				MTL_FAST_MATH = YES;
				SDKROOT = iphoneos;
				SWIFT_COMPILATION_MODE = wholemodule;
				SWIFT_OPTIMIZATION_LEVEL = "-O";
				VALIDATE_PRODUCT = YES;
			};
			name = Release;
		};
		A701430421BA60D0000EDF09 /* Debug */ = {
			isa = XCBuildConfiguration;
			baseConfigurationReference = 829A245176F6D300A6F78208 /* Pods-ExampleCocoapods.debug.xcconfig */;
			buildSettings = {
				ASSETCATALOG_COMPILER_APPICON_NAME = AppIcon;
				CODE_SIGN_STYLE = Automatic;
				INFOPLIST_FILE = ExampleCocoapods/Info.plist;
				LD_RUNPATH_SEARCH_PATHS = (
					"$(inherited)",
					"@executable_path/Frameworks",
				);
				PRODUCT_BUNDLE_IDENTIFIER = com.gumob.ExampleCocoapods;
				PRODUCT_NAME = "$(TARGET_NAME)";
				SWIFT_VERSION = 4.2;
				TARGETED_DEVICE_FAMILY = "1,2";
			};
			name = Debug;
		};
		A701430521BA60D0000EDF09 /* Release */ = {
			isa = XCBuildConfiguration;
			baseConfigurationReference = 89B41A67BAB4C10990EDEA0A /* Pods-ExampleCocoapods.release.xcconfig */;
			buildSettings = {
				ASSETCATALOG_COMPILER_APPICON_NAME = AppIcon;
				CODE_SIGN_STYLE = Automatic;
				INFOPLIST_FILE = ExampleCocoapods/Info.plist;
				LD_RUNPATH_SEARCH_PATHS = (
					"$(inherited)",
					"@executable_path/Frameworks",
				);
				PRODUCT_BUNDLE_IDENTIFIER = com.gumob.ExampleCocoapods;
				PRODUCT_NAME = "$(TARGET_NAME)";
				SWIFT_VERSION = 4.2;
				TARGETED_DEVICE_FAMILY = "1,2";
			};
			name = Release;
		};
/* End XCBuildConfiguration section */

/* Begin XCConfigurationList section */
		A70142EC21BA60CF000EDF09 /* Build configuration list for PBXProject "ExampleCocoapods" */ = {
			isa = XCConfigurationList;
			buildConfigurations = (
				A701430121BA60D0000EDF09 /* Debug */,
				A701430221BA60D0000EDF09 /* Release */,
			);
			defaultConfigurationIsVisible = 0;
			defaultConfigurationName = Release;
		};
		A701430321BA60D0000EDF09 /* Build configuration list for PBXNativeTarget "ExampleCocoapods" */ = {
			isa = XCConfigurationList;
			buildConfigurations = (
				A701430421BA60D0000EDF09 /* Debug */,
				A701430521BA60D0000EDF09 /* Release */,
			);
			defaultConfigurationIsVisible = 0;
			defaultConfigurationName = Release;
		};
/* End XCConfigurationList section */
	};
	rootObject = A70142E921BA60CF000EDF09 /* Project object */;
}
